
Microsoft Visual Studio Solution File, Format Version 12.00
# Visual Studio Version 17
VisualStudioVersion = 17.0.31903.59
MinimumVisualStudioVersion = 10.0.40219.1
Project("{FAE04EC0-301F-11D3-BF4B-00C04F79EFBC}") = "InventoryManager.Web", "Web\InventoryManager.Web.csproj", "{AA489254-2AF1-4358-A070-23DBA8E3E53F}"
EndProject
Project("{FAE04EC0-301F-11D3-BF4B-00C04F79EFBC}") = "Inventorymanager.Repository", "Inventorymanager.Repository\Inventorymanager.Repository.csproj", "{702652E2-3099-4327-AB2E-939F12DE2577}"
EndProject
Project("{FAE04EC0-301F-11D3-BF4B-00C04F79EFBC}") = "InventoryManager.Service", "InventoryManager.Service\InventoryManager.Service.csproj", "{6463672E-D352-415B-904A-94E286AD0D55}"
EndProject
Global
	GlobalSection(SolutionConfigurationPlatforms) = preSolution
		Debug|Any CPU = Debug|Any CPU
		Release|Any CPU = Release|Any CPU
	EndGlobalSection
	GlobalSection(ProjectConfigurationPlatforms) = postSolution
		{AA489254-2AF1-4358-A070-23DBA8E3E53F}.Debug|Any CPU.ActiveCfg = Debug|Any CPU
		{AA489254-2AF1-4358-A070-23DBA8E3E53F}.Debug|Any CPU.Build.0 = Debug|Any CPU
		{AA489254-2AF1-4358-A070-23DBA8E3E53F}.Release|Any CPU.ActiveCfg = Release|Any CPU
		{AA489254-2AF1-4358-A070-23DBA8E3E53F}.Release|Any CPU.Build.0 = Release|Any CPU
		{702652E2-3099-4327-AB2E-939F12DE2577}.Debug|Any CPU.ActiveCfg = Debug|Any CPU
		{702652E2-3099-4327-AB2E-939F12DE2577}.Debug|Any CPU.Build.0 = Debug|Any CPU
		{702652E2-3099-4327-AB2E-939F12DE2577}.Release|Any CPU.ActiveCfg = Release|Any CPU
		{702652E2-3099-4327-AB2E-939F12DE2577}.Release|Any CPU.Build.0 = Release|Any CPU
		{6463672E-D352-415B-904A-94E286AD0D55}.Debug|Any CPU.ActiveCfg = Debug|Any CPU
		{6463672E-D352-415B-904A-94E286AD0D55}.Debug|Any CPU.Build.0 = Debug|Any CPU
		{6463672E-D352-415B-904A-94E286AD0D55}.Release|Any CPU.ActiveCfg = Release|Any CPU
		{6463672E-D352-415B-904A-94E286AD0D55}.Release|Any CPU.Build.0 = Release|Any CPU
	EndGlobalSection
	GlobalSection(SolutionProperties) = preSolution
		HideSolutionNode = FALSE
	EndGlobalSection
EndGlobal
